
Microsoft Visual Studio Solution File, Format Version 12.00
# Visual Studio Version 17
VisualStudioVersion = 17.5.33424.131
MinimumVisualStudioVersion = 10.0.40219.1
Project("{9A19103F-16F7-4668-BE54-9A1E7A4F7556}") = "SoftJail", "SoftJail\SoftJail.csproj", "{B3A112C9-15D1-47E6-895D-6D381C436243}"
EndProject
Project("{FAE04EC0-301F-11D3-BF4B-00C04F79EFBC}") = "SoftJail5.Tests", "SoftJail.Tests\SoftJail5.Tests.csproj", "{9307BF5E-FB0E-4BCD-B7FF-3DD3435692B2}"
EndProject
Project("{FAE04EC0-301F-11D3-BF4B-00C04F79EFBC}") = "SoftJail2.Tests", "SoftJail2.Tests\SoftJail2.Tests.csproj", "{A071F685-3822-4026-A7AF-EC4C3E0002EE}"
EndProject
Project("{FAE04EC0-301F-11D3-BF4B-00C04F79EFBC}") = "SoftJail4.Tests", "SoftJail4.Tests\SoftJail4.Tests.csproj", "{D9D102E8-043F-4D93-9056-4C25773C24F5}"
EndProject
Project("{FAE04EC0-301F-11D3-BF4B-00C04F79EFBC}") = "SoftJail6.Tests", "SoftJail6.Tests\SoftJail6.Tests.csproj", "{66BB9A9F-5A4D-4CD2-9FDC-D4415FCA8A16}"
EndProject
Global
	GlobalSection(SolutionConfigurationPlatforms) = preSolution
		Debug|Any CPU = Debug|Any CPU
		Release|Any CPU = Release|Any CPU
	EndGlobalSection
	GlobalSection(ProjectConfigurationPlatforms) = postSolution
		{B3A112C9-15D1-47E6-895D-6D381C436243}.Debug|Any CPU.ActiveCfg = Debug|Any CPU
		{B3A112C9-15D1-47E6-895D-6D381C436243}.Debug|Any CPU.Build.0 = Debug|Any CPU
		{B3A112C9-15D1-47E6-895D-6D381C436243}.Release|Any CPU.ActiveCfg = Release|Any CPU
		{B3A112C9-15D1-47E6-895D-6D381C436243}.Release|Any CPU.Build.0 = Release|Any CPU
		{9307BF5E-FB0E-4BCD-B7FF-3DD3435692B2}.Debug|Any CPU.ActiveCfg = Debug|Any CPU
		{9307BF5E-FB0E-4BCD-B7FF-3DD3435692B2}.Debug|Any CPU.Build.0 = Debug|Any CPU
		{9307BF5E-FB0E-4BCD-B7FF-3DD3435692B2}.Release|Any CPU.ActiveCfg = Release|Any CPU
		{9307BF5E-FB0E-4BCD-B7FF-3DD3435692B2}.Release|Any CPU.Build.0 = Release|Any CPU
		{A071F685-3822-4026-A7AF-EC4C3E0002EE}.Debug|Any CPU.ActiveCfg = Debug|Any CPU
		{A071F685-3822-4026-A7AF-EC4C3E0002EE}.Debug|Any CPU.Build.0 = Debug|Any CPU
		{A071F685-3822-4026-A7AF-EC4C3E0002EE}.Release|Any CPU.ActiveCfg = Release|Any CPU
		{A071F685-3822-4026-A7AF-EC4C3E0002EE}.Release|Any CPU.Build.0 = Release|Any CPU
		{D9D102E8-043F-4D93-9056-4C25773C24F5}.Debug|Any CPU.ActiveCfg = Debug|Any CPU
		{D9D102E8-043F-4D93-9056-4C25773C24F5}.Debug|Any CPU.Build.0 = Debug|Any CPU
		{D9D102E8-043F-4D93-9056-4C25773C24F5}.Release|Any CPU.ActiveCfg = Release|Any CPU
		{D9D102E8-043F-4D93-9056-4C25773C24F5}.Release|Any CPU.Build.0 = Release|Any CPU
		{66BB9A9F-5A4D-4CD2-9FDC-D4415FCA8A16}.Debug|Any CPU.ActiveCfg = Debug|Any CPU
		{66BB9A9F-5A4D-4CD2-9FDC-D4415FCA8A16}.Debug|Any CPU.Build.0 = Debug|Any CPU
		{66BB9A9F-5A4D-4CD2-9FDC-D4415FCA8A16}.Release|Any CPU.ActiveCfg = Release|Any CPU
		{66BB9A9F-5A4D-4CD2-9FDC-D4415FCA8A16}.Release|Any CPU.Build.0 = Release|Any CPU
	EndGlobalSection
	GlobalSection(SolutionProperties) = preSolution
		HideSolutionNode = FALSE
	EndGlobalSection
	GlobalSection(ExtensibilityGlobals) = postSolution
		SolutionGuid = {994022F9-7A30-46DF-BC21-3B62FD63882E}
	EndGlobalSection
EndGlobal
